// !$*UTF8*$!
{
	archiveVersion = 1;
	classes = {
	};
	objectVersion = 46;
	objects = {

/* Begin PBXBuildFile section */
		B0D793CC1D9A9CC000DCF067 /* main.m in Sources */ = {isa = PBXBuildFile; fileRef = B0D793CB1D9A9CC000DCF067 /* main.m */; };
		B0D793CF1D9A9CC000DCF067 /* AppDelegate.m in Sources */ = {isa = PBXBuildFile; fileRef = B0D793CE1D9A9CC000DCF067 /* AppDelegate.m */; };
		B0D793D21D9A9CC000DCF067 /* ViewController.m in Sources */ = {isa = PBXBuildFile; fileRef = B0D793D11D9A9CC000DCF067 /* ViewController.m */; };
		B0D793D51D9A9CC000DCF067 /* Main.storyboard in Resources */ = {isa = PBXBuildFile; fileRef = B0D793D31D9A9CC000DCF067 /* Main.storyboard */; };
		B0D793D71D9A9CC000DCF067 /* Assets.xcassets in Resources */ = {isa = PBXBuildFile; fileRef = B0D793D61D9A9CC000DCF067 /* Assets.xcassets */; };
		B0D793DA1D9A9CC000DCF067 /* LaunchScreen.storyboard in Resources */ = {isa = PBXBuildFile; fileRef = B0D793D81D9A9CC000DCF067 /* LaunchScreen.storyboard */; };
		B0D793E41D9A9D7E00DCF067 /* FSTextView.m in Sources */ = {isa = PBXBuildFile; fileRef = B0D793E31D9A9D7E00DCF067 /* FSTextView.m */; };
/* End PBXBuildFile section */

/* Begin PBXFileReference section */
		B0D793C71D9A9CC000DCF067 /* FSTextView.app */ = {isa = PBXFileReference; explicitFileType = wrapper.application; includeInIndex = 0; path = FSTextView.app; sourceTree = BUILT_PRODUCTS_DIR; };
		B0D793CB1D9A9CC000DCF067 /* main.m */ = {isa = PBXFileReference; lastKnownFileType = sourcecode.c.objc; path = main.m; sourceTree = "<group>"; };
		B0D793CD1D9A9CC000DCF067 /* AppDelegate.h */ = {isa = PBXFileReference; lastKnownFileType = sourcecode.c.h; path = AppDelegate.h; sourceTree = "<group>"; };
		B0D793CE1D9A9CC000DCF067 /* AppDelegate.m */ = {isa = PBXFileReference; lastKnownFileType = sourcecode.c.objc; path = AppDelegate.m; sourceTree = "<group>"; };
		B0D793D01D9A9CC000DCF067 /* ViewController.h */ = {isa = PBXFileReference; lastKnownFileType = sourcecode.c.h; path = ViewController.h; sourceTree = "<group>"; };
		B0D793D11D9A9CC000DCF067 /* ViewController.m */ = {isa = PBXFileReference; lastKnownFileType = sourcecode.c.objc; path = ViewController.m; sourceTree = "<group>"; };
		B0D793D41D9A9CC000DCF067 /* Base */ = {isa = PBXFileReference; lastKnownFileType = file.storyboard; name = Base; path = Base.lproj/Main.storyboard; sourceTree = "<group>"; };
		B0D793D61D9A9CC000DCF067 /* Assets.xcassets */ = {isa = PBXFileReference; lastKnownFileType = folder.assetcatalog; path = Assets.xcassets; sourceTree = "<group>"; };
		B0D793D91D9A9CC000DCF067 /* Base */ = {isa = PBXFileReference; lastKnownFileType = file.storyboard; name = Base; path = Base.lproj/LaunchScreen.storyboard; sourceTree = "<group>"; };
		B0D793DB1D9A9CC000DCF067 /* Info.plist */ = {isa = PBXFileReference; lastKnownFileType = text.plist.xml; path = Info.plist; sourceTree = "<group>"; };
		B0D793E21D9A9D7E00DCF067 /* FSTextView.h */ = {isa = PBXFileReference; fileEncoding = 4; lastKnownFileType = sourcecode.c.h; path = FSTextView.h; sourceTree = "<group>"; };
		B0D793E31D9A9D7E00DCF067 /* FSTextView.m */ = {isa = PBXFileReference; fileEncoding = 4; lastKnownFileType = sourcecode.c.objc; path = FSTextView.m; sourceTree = "<group>"; };
/* End PBXFileReference section */

/* Begin PBXFrameworksBuildPhase section */
		B0D793C41D9A9CC000DCF067 /* Frameworks */ = {
			isa = PBXFrameworksBuildPhase;
			buildActionMask = 2147483647;
			files = (
			);
			runOnlyForDeploymentPostprocessing = 0;
		};
/* End PBXFrameworksBuildPhase section */

/* Begin PBXGroup section */
		B0D793BE1D9A9CC000DCF067 = {
			isa = PBXGroup;
			children = (
				B0D793C91D9A9CC000DCF067 /* FSTextView */,
				B0D793C81D9A9CC000DCF067 /* Products */,
			);
			sourceTree = "<group>";
		};
		B0D793C81D9A9CC000DCF067 /* Products */ = {
			isa = PBXGroup;
			children = (
				B0D793C71D9A9CC000DCF067 /* FSTextView.app */,
			);
			name = Products;
			sourceTree = "<group>";
		};
		B0D793C91D9A9CC000DCF067 /* FSTextView */ = {
			isa = PBXGroup;
			children = (
				B0D793E11D9A9D6700DCF067 /* FSTextView */,
				B0D793CD1D9A9CC000DCF067 /* AppDelegate.h */,
				B0D793CE1D9A9CC000DCF067 /* AppDelegate.m */,
				B0D793D01D9A9CC000DCF067 /* ViewController.h */,
				B0D793D11D9A9CC000DCF067 /* ViewController.m */,
				B0D793D31D9A9CC000DCF067 /* Main.storyboard */,
				B0D793D61D9A9CC000DCF067 /* Assets.xcassets */,
				B0D793D81D9A9CC000DCF067 /* LaunchScreen.storyboard */,
				B0D793DB1D9A9CC000DCF067 /* Info.plist */,
				B0D793CA1D9A9CC000DCF067 /* Supporting Files */,
			);
			path = FSTextView;
			sourceTree = "<group>";
		};
		B0D793CA1D9A9CC000DCF067 /* Supporting Files */ = {
			isa = PBXGroup;
			children = (
				B0D793CB1D9A9CC000DCF067 /* main.m */,
			);
			name = "Supporting Files";
			sourceTree = "<group>";
		};
		B0D793E11D9A9D6700DCF067 /* FSTextView */ = {
			isa = PBXGroup;
			children = (
				B0D793E21D9A9D7E00DCF067 /* FSTextView.h */,
				B0D793E31D9A9D7E00DCF067 /* FSTextView.m */,
			);
			name = FSTextView;
			path = ../../FSTextView;
			sourceTree = "<group>";
		};
/* End PBXGroup section */

/* Begin PBXNativeTarget section */
		B0D793C61D9A9CC000DCF067 /* FSTextView */ = {
			isa = PBXNativeTarget;
			buildConfigurationList = B0D793DE1D9A9CC000DCF067 /* Build configuration list for PBXNativeTarget "FSTextView" */;
			buildPhases = (
				B0D793C31D9A9CC000DCF067 /* Sources */,
				B0D793C41D9A9CC000DCF067 /* Frameworks */,
				B0D793C51D9A9CC000DCF067 /* Resources */,
			);
			buildRules = (
			);
			dependencies = (
			);
			name = FSTextView;
			productName = FSTextView;
			productReference = B0D793C71D9A9CC000DCF067 /* FSTextView.app */;
			productType = "com.apple.product-type.application";
		};
/* End PBXNativeTarget section */

/* Begin PBXProject section */
		B0D793BF1D9A9CC000DCF067 /* Project object */ = {
			isa = PBXProject;
			attributes = {
				LastUpgradeCheck = 0910;
				ORGANIZATIONNAME = Steven;
				TargetAttributes = {
					B0D793C61D9A9CC000DCF067 = {
						CreatedOnToolsVersion = 7.3.1;
						DevelopmentTeam = Q5668NKEBD;
						ProvisioningStyle = Automatic;
					};
				};
			};
			buildConfigurationList = B0D793C21D9A9CC000DCF067 /* Build configuration list for PBXProject "FSTextView" */;
			compatibilityVersion = "Xcode 3.2";
			developmentRegion = English;
			hasScannedForEncodings = 0;
			knownRegions = (
				en,
				Base,
			);
			mainGroup = B0D793BE1D9A9CC000DCF067;
			productRefGroup = B0D793C81D9A9CC000DCF067 /* Products */;
			projectDirPath = "";
			projectRoot = "";
			targets = (
				B0D793C61D9A9CC000DCF067 /* FSTextView */,
			);
		};
/* End PBXProject section */

/* Begin PBXResourcesBuildPhase section */
		B0D793C51D9A9CC000DCF067 /* Resources */ = {
			isa = PBXResourcesBuildPhase;
			buildActionMask = 2147483647;
			files = (
				B0D793DA1D9A9CC000DCF067 /* LaunchScreen.storyboard in Resources */,
				B0D793D71D9A9CC000DCF067 /* Assets.xcassets in Resources */,
				B0D793D51D9A9CC000DCF067 /* Main.storyboard in Resources */,
			);
			runOnlyForDeploymentPostprocessing = 0;
		};
/* End PBXResourcesBuildPhase section */

/* Begin PBXSourcesBuildPhase section */
		B0D793C31D9A9CC000DCF067 /* Sources */ = {
			isa = PBXSourcesBuildPhase;
			buildActionMask = 2147483647;
			files = (
				B0D793E41D9A9D7E00DCF067 /* FSTextView.m in Sources */,
				B0D793D21D9A9CC000DCF067 /* ViewController.m in Sources */,
				B0D793CF1D9A9CC000DCF067 /* AppDelegate.m in Sources */,
				B0D793CC1D9A9CC000DCF067 /* main.m in Sources */,
			);
			runOnlyForDeploymentPostprocessing = 0;
		};
/* End PBXSourcesBuildPhase section */

/* Begin PBXVariantGroup section */
		B0D793D31D9A9CC000DCF067 /* Main.storyboard */ = {
			isa = PBXVariantGroup;
			children = (
				B0D793D41D9A9CC000DCF067 /* Base */,
			);
			name = Main.storyboard;
			sourceTree = "<group>";
		};
		B0D793D81D9A9CC000DCF067 /* LaunchScreen.storyboard */ = {
			isa = PBXVariantGroup;
			children = (
				B0D793D91D9A9CC000DCF067 /* Base */,
			);
			name = LaunchScreen.storyboard;
			sourceTree = "<group>";
		};
/* End PBXVariantGroup section */

/* Begin XCBuildConfiguration section */
		B0D793DC1D9A9CC000DCF067 /* Debug */ = {
			isa = XCBuildConfiguration;
			buildSettings = {
				ALWAYS_SEARCH_USER_PATHS = NO;
				CLANG_ANALYZER_NONNULL = YES;
				CLANG_CXX_LANGUAGE_STANDARD = "gnu++0x";
				CLANG_CXX_LIBRARY = "libc++";
				CLANG_ENABLE_MODULES = YES;
				CLANG_ENABLE_OBJC_ARC = YES;
				CLANG_WARN_BLOCK_CAPTURE_AUTORELEASING = YES;
				CLANG_WARN_BOOL_CONVERSION = YES;
				CLANG_WARN_COMMA = YES;
				CLANG_WARN_CONSTANT_CONVERSION = YES;
				CLANG_WARN_DIRECT_OBJC_ISA_USAGE = YES_ERROR;
				CLANG_WARN_EMPTY_BODY = YES;
				CLANG_WARN_ENUM_CONVERSION = YES;
				CLANG_WARN_INFINITE_RECURSION = YES;
				CLANG_WARN_INT_CONVERSION = YES;
				CLANG_WARN_NON_LITERAL_NULL_CONVERSION = YES;
				CLANG_WARN_OBJC_LITERAL_CONVERSION = YES;
				CLANG_WARN_OBJC_ROOT_CLASS = YES_ERROR;
				CLANG_WARN_RANGE_LOOP_ANALYSIS = YES;
				CLANG_WARN_STRICT_PROTOTYPES = YES;
				CLANG_WARN_SUSPICIOUS_MOVE = YES;
				CLANG_WARN_UNREACHABLE_CODE = YES;
				CLANG_WARN__DUPLICATE_METHOD_MATCH = YES;
				"CODE_SIGN_IDENTITY[sdk=iphoneos*]" = "iPhone Developer";
				COPY_PHASE_STRIP = NO;
				DEBUG_INFORMATION_FORMAT = dwarf;
				ENABLE_STRICT_OBJC_MSGSEND = YES;
				ENABLE_TESTABILITY = YES;
				GCC_C_LANGUAGE_STANDARD = gnu99;
				GCC_DYNAMIC_NO_PIC = NO;
				GCC_NO_COMMON_BLOCKS = YES;
				GCC_OPTIMIZATION_LEVEL = 0;
				GCC_PREPROCESSOR_DEFINITIONS = (
					"DEBUG=1",
					"$(inherited)",
				);
				GCC_WARN_64_TO_32_BIT_CONVERSION = YES;
				GCC_WARN_ABOUT_RETURN_TYPE = YES_ERROR;
				GCC_WARN_UNDECLARED_SELECTOR = YES;
				GCC_WARN_UNINITIALIZED_AUTOS = YES_AGGRESSIVE;
				GCC_WARN_UNUSED_FUNCTION = YES;
				GCC_WARN_UNUSED_VARIABLE = YES;
				IPHONEOS_DEPLOYMENT_TARGET = 8.0;
				MTL_ENABLE_DEBUG_INFO = YES;
				ONLY_ACTIVE_ARCH = YES;
				SDKROOT = iphoneos;
			};
			name = Debug;
		};
		B0D793DD1D9A9CC000DCF067 /* Release */ = {
			isa = XCBuildConfiguration;
			buildSettings = {
				ALWAYS_SEARCH_USER_PATHS = NO;
				CLANG_ANALYZER_NONNULL = YES;
				CLANG_CXX_LANGUAGE_STANDARD = "gnu++0x";
				CLANG_CXX_LIBRARY = "libc++";
				CLANG_ENABLE_MODULES = YES;
				CLANG_ENABLE_OBJC_ARC = YES;
				CLANG_WARN_BLOCK_CAPTURE_AUTORELEASING = YES;
				CLANG_WARN_BOOL_CONVERSION = YES;
				CLANG_WARN_COMMA = YES;
				CLANG_WARN_CONSTANT_CONVERSION = YES;
				CLANG_WARN_DIRECT_OBJC_ISA_USAGE = YES_ERROR;
				CLANG_WARN_EMPTY_BODY = YES;
				CLANG_WARN_ENUM_CONVERSION = YES;
				CLANG_WARN_INFINITE_RECURSION = YES;
				CLANG_WARN_INT_CONVERSION = YES;
				CLANG_WARN_NON_LITERAL_NULL_CONVERSION = YES;
				CLANG_WARN_OBJC_LITERAL_CONVERSION = YES;
				CLANG_WARN_OBJC_ROOT_CLASS = YES_ERROR;
				CLANG_WARN_RANGE_LOOP_ANALYSIS = YES;
				CLANG_WARN_STRICT_PROTOTYPES = YES;
				CLANG_WARN_SUSPICIOUS_MOVE = YES;
				CLANG_WARN_UNREACHABLE_CODE = YES;
				CLANG_WARN__DUPLICATE_METHOD_MATCH = YES;
				"CODE_SIGN_IDENTITY[sdk=iphoneos*]" = "iPhone Developer";
				COPY_PHASE_STRIP = NO;
				DEBUG_INFORMATION_FORMAT = "dwarf-with-dsym";
				ENABLE_NS_ASSERTIONS = NO;
				ENABLE_STRICT_OBJC_MSGSEND = YES;
				GCC_C_LANGUAGE_STANDARD = gnu99;
				GCC_NO_COMMON_BLOCKS = YES;
				GCC_WARN_64_TO_32_BIT_CONVERSION = YES;
				GCC_WARN_ABOUT_RETURN_TYPE = YES_ERROR;
				GCC_WARN_UNDECLARED_SELECTOR = YES;
				GCC_WARN_UNINITIALIZED_AUTOS = YES_AGGRESSIVE;
				GCC_WARN_UNUSED_FUNCTION = YES;
				GCC_WARN_UNUSED_VARIABLE = YES;
				IPHONEOS_DEPLOYMENT_TARGET = 8.0;
				MTL_ENABLE_DEBUG_INFO = NO;
				SDKROOT = iphoneos;
				VALIDATE_PRODUCT = YES;
			};
			name = Release;
		};
		B0D793DF1D9A9CC000DCF067 /* Debug */ = {
			isa = XCBuildConfiguration;
			buildSettings = {
				ASSETCATALOG_COMPILER_APPICON_NAME = AppIcon;
				"CODE_SIGN_IDENTITY[sdk=iphoneos*]" = "iPhone Developer";
				CODE_SIGN_STYLE = Automatic;
				DEVELOPMENT_TEAM = Q5668NKEBD;
				INFOPLIST_FILE = FSTextView/Info.plist;
				IPHONEOS_DEPLOYMENT_TARGET = 8.0;
				LD_RUNPATH_SEARCH_PATHS = "$(inherited) @executable_path/Frameworks";
				PRODUCT_BUNDLE_IDENTIFIER = com.trustdream.FSTextView;
				PRODUCT_NAME = "$(TARGET_NAME)";
				PROVISIONING_PROFILE_SPECIFIER = "";
			};
			name = Debug;
		};
		B0D793E01D9A9CC000DCF067 /* Release */ = {
			isa = XCBuildConfiguration;
			buildSettings = {
				ASSETCATALOG_COMPILER_APPICON_NAME = AppIcon;
				"CODE_SIGN_IDENTITY[sdk=iphoneos*]" = "iPhone Developer";
				CODE_SIGN_STYLE = Automatic;
				DEVELOPMENT_TEAM = Q5668NKEBD;
				INFOPLIST_FILE = FSTextView/Info.plist;
				IPHONEOS_DEPLOYMENT_TARGET = 8.0;
				LD_RUNPATH_SEARCH_PATHS = "$(inherited) @executable_path/Frameworks";
				PRODUCT_BUNDLE_IDENTIFIER = com.trustdream.FSTextView;
				PRODUCT_NAME = "$(TARGET_NAME)";
				PROVISIONING_PROFILE_SPECIFIER = "";
			};
			name = Release;
		};
/* End XCBuildConfiguration section */

/* Begin XCConfigurationList section */
		B0D793C21D9A9CC000DCF067 /* Build configuration list for PBXProject "FSTextView" */ = {
			isa = XCConfigurationList;
			buildConfigurations = (
				B0D793DC1D9A9CC000DCF067 /* Debug */,
				B0D793DD1D9A9CC000DCF067 /* Release */,
			);
			defaultConfigurationIsVisible = 0;
			defaultConfigurationName = Release;
		};
		B0D793DE1D9A9CC000DCF067 /* Build configuration list for PBXNativeTarget "FSTextView" */ = {
			isa = XCConfigurationList;
			buildConfigurations = (
				B0D793DF1D9A9CC000DCF067 /* Debug */,
				B0D793E01D9A9CC000DCF067 /* Release */,
			);
			defaultConfigurationIsVisible = 0;
			defaultConfigurationName = Release;
		};
/* End XCConfigurationList section */
	};
	rootObject = B0D793BF1D9A9CC000DCF067 /* Project object */;
}
